
Microsoft Visual Studio Solution File, Format Version 12.00
# Visual Studio Version 17
VisualStudioVersion = 17.4.33403.182
MinimumVisualStudioVersion = 10.0.40219.1
Project("{FAE04EC0-301F-11D3-BF4B-00C04F79EFBC}") = "ControlNew", "ControlNew.csproj", "{BDB5BF57-3451-4DD9-9BFA-D0F9AB5DE4EA}"
EndProject
Global
	GlobalSection(SolutionConfigurationPlatforms) = preSolution
		Debug|Any CPU = Debug|Any CPU
		Release|Any CPU = Release|Any CPU
	EndGlobalSection
	GlobalSection(ProjectConfigurationPlatforms) = postSolution
		{BDB5BF57-3451-4DD9-9BFA-D0F9AB5DE4EA}.Debug|Any CPU.ActiveCfg = Debug|Any CPU
		{BDB5BF57-3451-4DD9-9BFA-D0F9AB5DE4EA}.Debug|Any CPU.Build.0 = Debug|Any CPU
		{BDB5BF57-3451-4DD9-9BFA-D0F9AB5DE4EA}.Release|Any CPU.ActiveCfg = Release|Any CPU
		{BDB5BF57-3451-4DD9-9BFA-D0F9AB5DE4EA}.Release|Any CPU.Build.0 = Release|Any CPU
	EndGlobalSection
	GlobalSection(SolutionProperties) = preSolution
		HideSolutionNode = FALSE
	EndGlobalSection
	GlobalSection(ExtensibilityGlobals) = postSolution
		SolutionGuid = {50DA015F-31E9-4497-B4D8-AC137CD4A4DA}
	EndGlobalSection
EndGlobal
